
Microsoft Visual Studio Solution File, Format Version 12.00
# Visual Studio Version 17
VisualStudioVersion = 17.0.32112.339
MinimumVisualStudioVersion = 10.0.40219.1
Project("{FAE04EC0-301F-11D3-BF4B-00C04F79EFBC}") = "ReactorMLNETContainerApps", "ReactorMLNETContainerApps\ReactorMLNETContainerApps.csproj", "{C23AF96A-25AF-4372-982F-5D190080535E}"
EndProject
Project("{9A19103F-16F7-4668-BE54-9A1E7A4F7556}") = "SentimentModelWebApi", "SentimentModelWebApi\SentimentModelWebApi.csproj", "{B3F6C710-5E71-4346-8082-9318DF7463B2}"
EndProject
Global
	GlobalSection(SolutionConfigurationPlatforms) = preSolution
		Debug|Any CPU = Debug|Any CPU
		Release|Any CPU = Release|Any CPU
	EndGlobalSection
	GlobalSection(ProjectConfigurationPlatforms) = postSolution
		{C23AF96A-25AF-4372-982F-5D190080535E}.Debug|Any CPU.ActiveCfg = Debug|Any CPU
		{C23AF96A-25AF-4372-982F-5D190080535E}.Debug|Any CPU.Build.0 = Debug|Any CPU
		{C23AF96A-25AF-4372-982F-5D190080535E}.Release|Any CPU.ActiveCfg = Release|Any CPU
		{C23AF96A-25AF-4372-982F-5D190080535E}.Release|Any CPU.Build.0 = Release|Any CPU
		{B3F6C710-5E71-4346-8082-9318DF7463B2}.Debug|Any CPU.ActiveCfg = Debug|Any CPU
		{B3F6C710-5E71-4346-8082-9318DF7463B2}.Debug|Any CPU.Build.0 = Debug|Any CPU
		{B3F6C710-5E71-4346-8082-9318DF7463B2}.Release|Any CPU.ActiveCfg = Release|Any CPU
		{B3F6C710-5E71-4346-8082-9318DF7463B2}.Release|Any CPU.Build.0 = Release|Any CPU
	EndGlobalSection
	GlobalSection(SolutionProperties) = preSolution
		HideSolutionNode = FALSE
	EndGlobalSection
	GlobalSection(ExtensibilityGlobals) = postSolution
		SolutionGuid = {3AB1761F-92C1-4B03-B724-DCCC6C692A0A}
	EndGlobalSection
EndGlobal
